
Microsoft Visual Studio Solution File, Format Version 12.00
# Visual Studio Version 16
VisualStudioVersion = 16.0.29920.165
MinimumVisualStudioVersion = 10.0.40219.1
Project("{FAE04EC0-301F-11D3-BF4B-00C04F79EFBC}") = "empresa1", "empresa1.csproj", "{C5DC55E4-F7B5-4CE9-B5ED-31BA691AE021}"
EndProject
Global
	GlobalSection(SolutionConfigurationPlatforms) = preSolution
		Debug|Any CPU = Debug|Any CPU
		Release|Any CPU = Release|Any CPU
	EndGlobalSection
	GlobalSection(ProjectConfigurationPlatforms) = postSolution
		{C5DC55E4-F7B5-4CE9-B5ED-31BA691AE021}.Debug|Any CPU.ActiveCfg = Debug|Any CPU
		{C5DC55E4-F7B5-4CE9-B5ED-31BA691AE021}.Debug|Any CPU.Build.0 = Debug|Any CPU
		{C5DC55E4-F7B5-4CE9-B5ED-31BA691AE021}.Release|Any CPU.ActiveCfg = Release|Any CPU
		{C5DC55E4-F7B5-4CE9-B5ED-31BA691AE021}.Release|Any CPU.Build.0 = Release|Any CPU
	EndGlobalSection
	GlobalSection(SolutionProperties) = preSolution
		HideSolutionNode = FALSE
	EndGlobalSection
	GlobalSection(ExtensibilityGlobals) = postSolution
		SolutionGuid = {B34A7A50-1A57-442A-AF7B-75C88447F7C7}
	EndGlobalSection
EndGlobal
